// !$*UTF8*$!
{
	archiveVersion = 1;
	classes = {
	};
	objectVersion = 50;
	objects = {

/* Begin PBXBuildFile section */
		131835CA22C1081C00C9D64B /* ReviewTableViewCell.swift in Sources */ = {isa = PBXBuildFile; fileRef = 131835C922C1081C00C9D64B /* ReviewTableViewCell.swift */; };
		133FA6CF225DD2D300880363 /* Movie.swift in Sources */ = {isa = PBXBuildFile; fileRef = 133FA6CE225DD2D300880363 /* Movie.swift */; };
		135BBAA7225C328F0036DAC6 /* MovieInfoCollectionViewCell.swift in Sources */ = {isa = PBXBuildFile; fileRef = 135BBAA6225C328F0036DAC6 /* MovieInfoCollectionViewCell.swift */; };
		135BBAA9225CA3F50036DAC6 /* MovieInfoTableViewCell.swift in Sources */ = {isa = PBXBuildFile; fileRef = 135BBAA8225CA3F50036DAC6 /* MovieInfoTableViewCell.swift */; };
		137D993C22524D3100A13671 /* AppDelegate.swift in Sources */ = {isa = PBXBuildFile; fileRef = 137D993B22524D3100A13671 /* AppDelegate.swift */; };
		137D993E22524D3100A13671 /* ViewController.swift in Sources */ = {isa = PBXBuildFile; fileRef = 137D993D22524D3100A13671 /* ViewController.swift */; };
		137D994122524D3100A13671 /* Main.storyboard in Resources */ = {isa = PBXBuildFile; fileRef = 137D993F22524D3100A13671 /* Main.storyboard */; };
		137D994322524D3200A13671 /* Assets.xcassets in Resources */ = {isa = PBXBuildFile; fileRef = 137D994222524D3200A13671 /* Assets.xcassets */; };
		137D994622524D3200A13671 /* LaunchScreen.storyboard in Resources */ = {isa = PBXBuildFile; fileRef = 137D994422524D3200A13671 /* LaunchScreen.storyboard */; };
		137D994E22524DAD00A13671 /* MovieDataCollectionViewCell.swift in Sources */ = {isa = PBXBuildFile; fileRef = 137D994D22524DAD00A13671 /* MovieDataCollectionViewCell.swift */; };
		13AD33102256E0EC009F8234 /* MovieReservationViewController.swift in Sources */ = {isa = PBXBuildFile; fileRef = 13AD330F2256E0EC009F8234 /* MovieReservationViewController.swift */; };
		13BB80442252F34300515E59 /* image in Resources */ = {isa = PBXBuildFile; fileRef = 13BB80432252F34300515E59 /* image */; };
/* End PBXBuildFile section */

/* Begin PBXFileReference section */
		131835C922C1081C00C9D64B /* ReviewTableViewCell.swift */ = {isa = PBXFileReference; lastKnownFileType = sourcecode.swift; path = ReviewTableViewCell.swift; sourceTree = "<group>"; };
		133FA6CE225DD2D300880363 /* Movie.swift */ = {isa = PBXFileReference; lastKnownFileType = sourcecode.swift; path = Movie.swift; sourceTree = "<group>"; };
		135BBAA6225C328F0036DAC6 /* MovieInfoCollectionViewCell.swift */ = {isa = PBXFileReference; lastKnownFileType = sourcecode.swift; path = MovieInfoCollectionViewCell.swift; sourceTree = "<group>"; };
		135BBAA8225CA3F50036DAC6 /* MovieInfoTableViewCell.swift */ = {isa = PBXFileReference; lastKnownFileType = sourcecode.swift; path = MovieInfoTableViewCell.swift; sourceTree = "<group>"; };
		137D993822524D3100A13671 /* cgv.app */ = {isa = PBXFileReference; explicitFileType = wrapper.application; includeInIndex = 0; path = cgv.app; sourceTree = BUILT_PRODUCTS_DIR; };
		137D993B22524D3100A13671 /* AppDelegate.swift */ = {isa = PBXFileReference; lastKnownFileType = sourcecode.swift; path = AppDelegate.swift; sourceTree = "<group>"; };
		137D993D22524D3100A13671 /* ViewController.swift */ = {isa = PBXFileReference; lastKnownFileType = sourcecode.swift; path = ViewController.swift; sourceTree = "<group>"; };
		137D994022524D3100A13671 /* Base */ = {isa = PBXFileReference; lastKnownFileType = file.storyboard; name = Base; path = Base.lproj/Main.storyboard; sourceTree = "<group>"; };
		137D994222524D3200A13671 /* Assets.xcassets */ = {isa = PBXFileReference; lastKnownFileType = folder.assetcatalog; path = Assets.xcassets; sourceTree = "<group>"; };
		137D994522524D3200A13671 /* Base */ = {isa = PBXFileReference; lastKnownFileType = file.storyboard; name = Base; path = Base.lproj/LaunchScreen.storyboard; sourceTree = "<group>"; };
		137D994722524D3200A13671 /* Info.plist */ = {isa = PBXFileReference; lastKnownFileType = text.plist.xml; path = Info.plist; sourceTree = "<group>"; };
		137D994D22524DAD00A13671 /* MovieDataCollectionViewCell.swift */ = {isa = PBXFileReference; lastKnownFileType = sourcecode.swift; path = MovieDataCollectionViewCell.swift; sourceTree = "<group>"; };
		13AD330F2256E0EC009F8234 /* MovieReservationViewController.swift */ = {isa = PBXFileReference; lastKnownFileType = sourcecode.swift; path = MovieReservationViewController.swift; sourceTree = "<group>"; };
		13BB80432252F34300515E59 /* image */ = {isa = PBXFileReference; lastKnownFileType = folder; name = image; path = ../../../image; sourceTree = "<group>"; };
/* End PBXFileReference section */

/* Begin PBXFrameworksBuildPhase section */
		137D993522524D3100A13671 /* Frameworks */ = {
			isa = PBXFrameworksBuildPhase;
			buildActionMask = 2147483647;
			files = (
			);
			runOnlyForDeploymentPostprocessing = 0;
		};
/* End PBXFrameworksBuildPhase section */

/* Begin PBXGroup section */
		137D992F22524D3100A13671 = {
			isa = PBXGroup;
			children = (
				137D993A22524D3100A13671 /* cgv */,
				137D993922524D3100A13671 /* Products */,
			);
			sourceTree = "<group>";
		};
		137D993922524D3100A13671 /* Products */ = {
			isa = PBXGroup;
			children = (
				137D993822524D3100A13671 /* cgv.app */,
			);
			name = Products;
			sourceTree = "<group>";
		};
		137D993A22524D3100A13671 /* cgv */ = {
			isa = PBXGroup;
			children = (
				13BB80432252F34300515E59 /* image */,
				13AD330F2256E0EC009F8234 /* MovieReservationViewController.swift */,
				137D993D22524D3100A13671 /* ViewController.swift */,
				137D993F22524D3100A13671 /* Main.storyboard */,
				135BBAA6225C328F0036DAC6 /* MovieInfoCollectionViewCell.swift */,
				137D994D22524DAD00A13671 /* MovieDataCollectionViewCell.swift */,
				135BBAA8225CA3F50036DAC6 /* MovieInfoTableViewCell.swift */,
				131835C922C1081C00C9D64B /* ReviewTableViewCell.swift */,
				133FA6CE225DD2D300880363 /* Movie.swift */,
				137D994222524D3200A13671 /* Assets.xcassets */,
				137D994422524D3200A13671 /* LaunchScreen.storyboard */,
				137D993B22524D3100A13671 /* AppDelegate.swift */,
				137D994722524D3200A13671 /* Info.plist */,
			);
			path = cgv;
			sourceTree = "<group>";
		};
/* End PBXGroup section */

/* Begin PBXNativeTarget section */
		137D993722524D3100A13671 /* cgv */ = {
			isa = PBXNativeTarget;
			buildConfigurationList = 137D994A22524D3200A13671 /* Build configuration list for PBXNativeTarget "cgv" */;
			buildPhases = (
				137D993422524D3100A13671 /* Sources */,
				137D993522524D3100A13671 /* Frameworks */,
				137D993622524D3100A13671 /* Resources */,
			);
			buildRules = (
			);
			dependencies = (
			);
			name = cgv;
			productName = cgv;
			productReference = 137D993822524D3100A13671 /* cgv.app */;
			productType = "com.apple.product-type.application";
		};
/* End PBXNativeTarget section */

/* Begin PBXProject section */
		137D993022524D3100A13671 /* Project object */ = {
			isa = PBXProject;
			attributes = {
				LastSwiftUpdateCheck = 1010;
				LastUpgradeCheck = 1010;
				ORGANIZATIONNAME = hongjuyeon;
				TargetAttributes = {
					137D993722524D3100A13671 = {
						CreatedOnToolsVersion = 10.1;
					};
				};
			};
			buildConfigurationList = 137D993322524D3100A13671 /* Build configuration list for PBXProject "cgv" */;
			compatibilityVersion = "Xcode 9.3";
			developmentRegion = en;
			hasScannedForEncodings = 0;
			knownRegions = (
				en,
				Base,
			);
			mainGroup = 137D992F22524D3100A13671;
			productRefGroup = 137D993922524D3100A13671 /* Products */;
			projectDirPath = "";
			projectRoot = "";
			targets = (
				137D993722524D3100A13671 /* cgv */,
			);
		};
/* End PBXProject section */

/* Begin PBXResourcesBuildPhase section */
		137D993622524D3100A13671 /* Resources */ = {
			isa = PBXResourcesBuildPhase;
			buildActionMask = 2147483647;
			files = (
				13BB80442252F34300515E59 /* image in Resources */,
				137D994622524D3200A13671 /* LaunchScreen.storyboard in Resources */,
				137D994322524D3200A13671 /* Assets.xcassets in Resources */,
				137D994122524D3100A13671 /* Main.storyboard in Resources */,
			);
			runOnlyForDeploymentPostprocessing = 0;
		};
/* End PBXResourcesBuildPhase section */

/* Begin PBXSourcesBuildPhase section */
		137D993422524D3100A13671 /* Sources */ = {
			isa = PBXSourcesBuildPhase;
			buildActionMask = 2147483647;
			files = (
				13AD33102256E0EC009F8234 /* MovieReservationViewController.swift in Sources */,
				131835CA22C1081C00C9D64B /* ReviewTableViewCell.swift in Sources */,
				135BBAA9225CA3F50036DAC6 /* MovieInfoTableViewCell.swift in Sources */,
				135BBAA7225C328F0036DAC6 /* MovieInfoCollectionViewCell.swift in Sources */,
				137D993E22524D3100A13671 /* ViewController.swift in Sources */,
				137D993C22524D3100A13671 /* AppDelegate.swift in Sources */,
				133FA6CF225DD2D300880363 /* Movie.swift in Sources */,
				137D994E22524DAD00A13671 /* MovieDataCollectionViewCell.swift in Sources */,
			);
			runOnlyForDeploymentPostprocessing = 0;
		};
/* End PBXSourcesBuildPhase section */

/* Begin PBXVariantGroup section */
		137D993F22524D3100A13671 /* Main.storyboard */ = {
			isa = PBXVariantGroup;
			children = (
				137D994022524D3100A13671 /* Base */,
			);
			name = Main.storyboard;
			sourceTree = "<group>";
		};
		137D994422524D3200A13671 /* LaunchScreen.storyboard */ = {
			isa = PBXVariantGroup;
			children = (
				137D994522524D3200A13671 /* Base */,
			);
			name = LaunchScreen.storyboard;
			sourceTree = "<group>";
		};
/* End PBXVariantGroup section */

/* Begin XCBuildConfiguration section */
		137D994822524D3200A13671 /* Debug */ = {
			isa = XCBuildConfiguration;
			buildSettings = {
				ALWAYS_SEARCH_USER_PATHS = NO;
				CLANG_ANALYZER_NONNULL = YES;
				CLANG_ANALYZER_NUMBER_OBJECT_CONVERSION = YES_AGGRESSIVE;
				CLANG_CXX_LANGUAGE_STANDARD = "gnu++14";
				CLANG_CXX_LIBRARY = "libc++";
				CLANG_ENABLE_MODULES = YES;
				CLANG_ENABLE_OBJC_ARC = YES;
				CLANG_ENABLE_OBJC_WEAK = YES;
				CLANG_WARN_BLOCK_CAPTURE_AUTORELEASING = YES;
				CLANG_WARN_BOOL_CONVERSION = YES;
				CLANG_WARN_COMMA = YES;
				CLANG_WARN_CONSTANT_CONVERSION = YES;
				CLANG_WARN_DEPRECATED_OBJC_IMPLEMENTATIONS = YES;
				CLANG_WARN_DIRECT_OBJC_ISA_USAGE = YES_ERROR;
				CLANG_WARN_DOCUMENTATION_COMMENTS = YES;
				CLANG_WARN_EMPTY_BODY = YES;
				CLANG_WARN_ENUM_CONVERSION = YES;
				CLANG_WARN_INFINITE_RECURSION = YES;
				CLANG_WARN_INT_CONVERSION = YES;
				CLANG_WARN_NON_LITERAL_NULL_CONVERSION = YES;
				CLANG_WARN_OBJC_IMPLICIT_RETAIN_SELF = YES;
				CLANG_WARN_OBJC_LITERAL_CONVERSION = YES;
				CLANG_WARN_OBJC_ROOT_CLASS = YES_ERROR;
				CLANG_WARN_RANGE_LOOP_ANALYSIS = YES;
				CLANG_WARN_STRICT_PROTOTYPES = YES;
				CLANG_WARN_SUSPICIOUS_MOVE = YES;
				CLANG_WARN_UNGUARDED_AVAILABILITY = YES_AGGRESSIVE;
				CLANG_WARN_UNREACHABLE_CODE = YES;
				CLANG_WARN__DUPLICATE_METHOD_MATCH = YES;
				CODE_SIGN_IDENTITY = "iPhone Developer";
				COPY_PHASE_STRIP = NO;
				DEBUG_INFORMATION_FORMAT = dwarf;
				ENABLE_STRICT_OBJC_MSGSEND = YES;
				ENABLE_TESTABILITY = YES;
				GCC_C_LANGUAGE_STANDARD = gnu11;
				GCC_DYNAMIC_NO_PIC = NO;
				GCC_NO_COMMON_BLOCKS = YES;
				GCC_OPTIMIZATION_LEVEL = 0;
				GCC_PREPROCESSOR_DEFINITIONS = (
					"DEBUG=1",
					"$(inherited)",
				);
				GCC_WARN_64_TO_32_BIT_CONVERSION = YES;
				GCC_WARN_ABOUT_RETURN_TYPE = YES_ERROR;
				GCC_WARN_UNDECLARED_SELECTOR = YES;
				GCC_WARN_UNINITIALIZED_AUTOS = YES_AGGRESSIVE;
				GCC_WARN_UNUSED_FUNCTION = YES;
				GCC_WARN_UNUSED_VARIABLE = YES;
				IPHONEOS_DEPLOYMENT_TARGET = 12.1;
				MTL_ENABLE_DEBUG_INFO = INCLUDE_SOURCE;
				MTL_FAST_MATH = YES;
				ONLY_ACTIVE_ARCH = YES;
				SDKROOT = iphoneos;
				SWIFT_ACTIVE_COMPILATION_CONDITIONS = DEBUG;
				SWIFT_OPTIMIZATION_LEVEL = "-Onone";
			};
			name = Debug;
		};
		137D994922524D3200A13671 /* Release */ = {
			isa = XCBuildConfiguration;
			buildSettings = {
				ALWAYS_SEARCH_USER_PATHS = NO;
				CLANG_ANALYZER_NONNULL = YES;
				CLANG_ANALYZER_NUMBER_OBJECT_CONVERSION = YES_AGGRESSIVE;
				CLANG_CXX_LANGUAGE_STANDARD = "gnu++14";
				CLANG_CXX_LIBRARY = "libc++";
				CLANG_ENABLE_MODULES = YES;
				CLANG_ENABLE_OBJC_ARC = YES;
				CLANG_ENABLE_OBJC_WEAK = YES;
				CLANG_WARN_BLOCK_CAPTURE_AUTORELEASING = YES;
				CLANG_WARN_BOOL_CONVERSION = YES;
				CLANG_WARN_COMMA = YES;
				CLANG_WARN_CONSTANT_CONVERSION = YES;
				CLANG_WARN_DEPRECATED_OBJC_IMPLEMENTATIONS = YES;
				CLANG_WARN_DIRECT_OBJC_ISA_USAGE = YES_ERROR;
				CLANG_WARN_DOCUMENTATION_COMMENTS = YES;
				CLANG_WARN_EMPTY_BODY = YES;
				CLANG_WARN_ENUM_CONVERSION = YES;
				CLANG_WARN_INFINITE_RECURSION = YES;
				CLANG_WARN_INT_CONVERSION = YES;
				CLANG_WARN_NON_LITERAL_NULL_CONVERSION = YES;
				CLANG_WARN_OBJC_IMPLICIT_RETAIN_SELF = YES;
				CLANG_WARN_OBJC_LITERAL_CONVERSION = YES;
				CLANG_WARN_OBJC_ROOT_CLASS = YES_ERROR;
				CLANG_WARN_RANGE_LOOP_ANALYSIS = YES;
				CLANG_WARN_STRICT_PROTOTYPES = YES;
				CLANG_WARN_SUSPICIOUS_MOVE = YES;
				CLANG_WARN_UNGUARDED_AVAILABILITY = YES_AGGRESSIVE;
				CLANG_WARN_UNREACHABLE_CODE = YES;
				CLANG_WARN__DUPLICATE_METHOD_MATCH = YES;
				CODE_SIGN_IDENTITY = "iPhone Developer";
				COPY_PHASE_STRIP = NO;
				DEBUG_INFORMATION_FORMAT = "dwarf-with-dsym";
				ENABLE_NS_ASSERTIONS = NO;
				ENABLE_STRICT_OBJC_MSGSEND = YES;
				GCC_C_LANGUAGE_STANDARD = gnu11;
				GCC_NO_COMMON_BLOCKS = YES;
				GCC_WARN_64_TO_32_BIT_CONVERSION = YES;
				GCC_WARN_ABOUT_RETURN_TYPE = YES_ERROR;
				GCC_WARN_UNDECLARED_SELECTOR = YES;
				GCC_WARN_UNINITIALIZED_AUTOS = YES_AGGRESSIVE;
				GCC_WARN_UNUSED_FUNCTION = YES;
				GCC_WARN_UNUSED_VARIABLE = YES;
				IPHONEOS_DEPLOYMENT_TARGET = 12.1;
				MTL_ENABLE_DEBUG_INFO = NO;
				MTL_FAST_MATH = YES;
				SDKROOT = iphoneos;
				SWIFT_COMPILATION_MODE = wholemodule;
				SWIFT_OPTIMIZATION_LEVEL = "-O";
				VALIDATE_PRODUCT = YES;
			};
			name = Release;
		};
		137D994B22524D3200A13671 /* Debug */ = {
			isa = XCBuildConfiguration;
			buildSettings = {
				ASSETCATALOG_COMPILER_APPICON_NAME = AppIcon;
				CODE_SIGN_STYLE = Automatic;
				INFOPLIST_FILE = cgv/Info.plist;
				LD_RUNPATH_SEARCH_PATHS = (
					"$(inherited)",
					"@executable_path/Frameworks",
				);
				PRODUCT_BUNDLE_IDENTIFIER = com.hongjuyeon.cgv;
				PRODUCT_NAME = "$(TARGET_NAME)";
				SWIFT_VERSION = 4.2;
				TARGETED_DEVICE_FAMILY = "1,2";
			};
			name = Debug;
		};
		137D994C22524D3200A13671 /* Release */ = {
			isa = XCBuildConfiguration;
			buildSettings = {
				ASSETCATALOG_COMPILER_APPICON_NAME = AppIcon;
				CODE_SIGN_STYLE = Automatic;
				INFOPLIST_FILE = cgv/Info.plist;
				LD_RUNPATH_SEARCH_PATHS = (
					"$(inherited)",
					"@executable_path/Frameworks",
				);
				PRODUCT_BUNDLE_IDENTIFIER = com.hongjuyeon.cgv;
				PRODUCT_NAME = "$(TARGET_NAME)";
				SWIFT_VERSION = 4.2;
				TARGETED_DEVICE_FAMILY = "1,2";
			};
			name = Release;
		};
/* End XCBuildConfiguration section */

/* Begin XCConfigurationList section */
		137D993322524D3100A13671 /* Build configuration list for PBXProject "cgv" */ = {
			isa = XCConfigurationList;
			buildConfigurations = (
				137D994822524D3200A13671 /* Debug */,
				137D994922524D3200A13671 /* Release */,
			);
			defaultConfigurationIsVisible = 0;
			defaultConfigurationName = Release;
		};
		137D994A22524D3200A13671 /* Build configuration list for PBXNativeTarget "cgv" */ = {
			isa = XCConfigurationList;
			buildConfigurations = (
				137D994B22524D3200A13671 /* Debug */,
				137D994C22524D3200A13671 /* Release */,
			);
			defaultConfigurationIsVisible = 0;
			defaultConfigurationName = Release;
		};
/* End XCConfigurationList section */
	};
	rootObject = 137D993022524D3100A13671 /* Project object */;
}
